# THIS IS AN AUTOGENERATED FILE. DO NOT EDIT THIS FILE DIRECTLY.
# yarn lockfile v1


bel@^4.0.0:
  version "4.6.0"
  resolved "https://registry.yarnpkg.com/bel/-/bel-4.6.0.tgz#3ade16e236ab2204d8d1c66eac4bd573793ac999"
  dependencies:
    global "^4.3.0"
    hyperx "^2.3.0"
    on-load "^3.2.0"

dom-walk@^0.1.0:
  version "0.1.1"
  resolved "https://registry.yarnpkg.com/dom-walk/-/dom-walk-0.1.1.tgz#672226dc74c8f799ad35307df936aba11acd6018"

global@^4.3.0:
  version "4.3.1"
  resolved "https://registry.yarnpkg.com/global/-/global-4.3.1.tgz#5f757908c7cbabce54f386ae440e11e26b7916df"
  dependencies:
    min-document "^2.19.0"
    process "~0.5.1"

hyperscript-attribute-to-property@^1.0.0:
  version "1.0.0"
  resolved "https://registry.yarnpkg.com/hyperscript-attribute-to-property/-/hyperscript-attribute-to-property-1.0.0.tgz#825308d49bb8e2957923f731981bcc811cad7aff"

hyperx@^2.3.0:
  version "2.3.0"
  resolved "https://registry.yarnpkg.com/hyperx/-/hyperx-2.3.0.tgz#70f473d66d4ad550ddd1c83e4be2651276bbf1e2"
  dependencies:
    hyperscript-attribute-to-property "^1.0.0"

min-document@^2.19.0:
  version "2.19.0"
  resolved "https://registry.yarnpkg.com/min-document/-/min-document-2.19.0.tgz#7bd282e3f5842ed295bb748cdd9f1ffa2c824685"
  dependencies:
    dom-walk "^0.1.0"

morphdom@^2.1.0:
  version "2.3.2"
  resolved "https://registry.yarnpkg.com/morphdom/-/morphdom-2.3.2.tgz#6a71001f55e518f06b42e0e1f1084feaf8da2024"

on-load@^3.2.0:
  version "3.2.0"
  resolved "https://registry.yarnpkg.com/on-load/-/on-load-3.2.0.tgz#dd3145d3a5c2faa5666920d1df674b69f0c2f66f"
  dependencies:
    global "^4.3.0"

process@~0.5.1:
  version "0.5.2"
  resolved "https://registry.yarnpkg.com/process/-/process-0.5.2.tgz#1638d8a8e34c2f440a91db95ab9aeb677fc185cf"

yo-yo@^1.4.0:
  version "1.4.0"
  resolved "https://registry.yarnpkg.com/yo-yo/-/yo-yo-1.4.0.tgz#c3291e512bb4743f9eb514b9b6dbb264757e3257"
  dependencies:
    bel "^4.0.0"
    morphdom "^2.1.0"
